
Microsoft Visual Studio Solution File, Format Version 12.00
# Visual Studio Version 16
VisualStudioVersion = 16.0.30011.22
MinimumVisualStudioVersion = 10.0.40219.1
Project("{9A19103F-16F7-4668-BE54-9A1E7A4F7556}") = "SuppressionGroup.API", "src\SuppressionGroup\SuppressionGroup.API.csproj", "{B8CA2E81-9A2B-454F-B242-1B22BBC9AC42}"
EndProject
Global
	GlobalSection(SolutionConfigurationPlatforms) = preSolution
		Debug|Any CPU = Debug|Any CPU
		Release|Any CPU = Release|Any CPU
	EndGlobalSection
	GlobalSection(ProjectConfigurationPlatforms) = postSolution
		{B8CA2E81-9A2B-454F-B242-1B22BBC9AC42}.Debug|Any CPU.ActiveCfg = Debug|Any CPU
		{B8CA2E81-9A2B-454F-B242-1B22BBC9AC42}.Debug|Any CPU.Build.0 = Debug|Any CPU
		{B8CA2E81-9A2B-454F-B242-1B22BBC9AC42}.Release|Any CPU.ActiveCfg = Release|Any CPU
		{B8CA2E81-9A2B-454F-B242-1B22BBC9AC42}.Release|Any CPU.Build.0 = Release|Any CPU
	EndGlobalSection
	GlobalSection(SolutionProperties) = preSolution
		HideSolutionNode = FALSE
	EndGlobalSection
	GlobalSection(ExtensibilityGlobals) = postSolution
		SolutionGuid = {98861AA7-7509-436E-90AC-0B1F02B1411E}
	EndGlobalSection
EndGlobal
